
Microsoft Visual Studio Solution File, Format Version 12.00
# Visual Studio Version 17
VisualStudioVersion = 17.10.35004.147
MinimumVisualStudioVersion = 10.0.40219.1
Project("{FAE04EC0-301F-11D3-BF4B-00C04F79EFBC}") = "Inheritance", "Inheritance\Inheritance.csproj", "{4BD06284-86F9-4579-9EFC-E85DA3658AEB}"
EndProject
Global
	GlobalSection(SolutionConfigurationPlatforms) = preSolution
		Debug|Any CPU = Debug|Any CPU
		Release|Any CPU = Release|Any CPU
	EndGlobalSection
	GlobalSection(ProjectConfigurationPlatforms) = postSolution
		{4BD06284-86F9-4579-9EFC-E85DA3658AEB}.Debug|Any CPU.ActiveCfg = Debug|Any CPU
		{4BD06284-86F9-4579-9EFC-E85DA3658AEB}.Debug|Any CPU.Build.0 = Debug|Any CPU
		{4BD06284-86F9-4579-9EFC-E85DA3658AEB}.Release|Any CPU.ActiveCfg = Release|Any CPU
		{4BD06284-86F9-4579-9EFC-E85DA3658AEB}.Release|Any CPU.Build.0 = Release|Any CPU
	EndGlobalSection
	GlobalSection(SolutionProperties) = preSolution
		HideSolutionNode = FALSE
	EndGlobalSection
	GlobalSection(ExtensibilityGlobals) = postSolution
		SolutionGuid = {340241C0-21AC-42FA-8B0E-51720938EB94}
	EndGlobalSection
EndGlobal
