
Microsoft Visual Studio Solution File, Format Version 12.00
# Visual Studio Version 17
VisualStudioVersion = 17.10.35004.147
MinimumVisualStudioVersion = 10.0.40219.1
Project("{9A19103F-16F7-4668-BE54-9A1E7A4F7556}") = "AirportLockerRentalWithUnitTesting", "AirportLockerRentalWithUnitTesting.csproj", "{34ACE5EC-CBC9-42A5-B8F7-E4F9B174536D}"
EndProject
Global
	GlobalSection(SolutionConfigurationPlatforms) = preSolution
		Debug|Any CPU = Debug|Any CPU
		Release|Any CPU = Release|Any CPU
	EndGlobalSection
	GlobalSection(ProjectConfigurationPlatforms) = postSolution
		{34ACE5EC-CBC9-42A5-B8F7-E4F9B174536D}.Debug|Any CPU.ActiveCfg = Debug|Any CPU
		{34ACE5EC-CBC9-42A5-B8F7-E4F9B174536D}.Debug|Any CPU.Build.0 = Debug|Any CPU
		{34ACE5EC-CBC9-42A5-B8F7-E4F9B174536D}.Release|Any CPU.ActiveCfg = Release|Any CPU
		{34ACE5EC-CBC9-42A5-B8F7-E4F9B174536D}.Release|Any CPU.Build.0 = Release|Any CPU
	EndGlobalSection
	GlobalSection(SolutionProperties) = preSolution
		HideSolutionNode = FALSE
	EndGlobalSection
	GlobalSection(ExtensibilityGlobals) = postSolution
		SolutionGuid = {E1C7478D-3820-475C-AB25-3F39C368B14C}
	EndGlobalSection
EndGlobal
