
Microsoft Visual Studio Solution File, Format Version 12.00
# Visual Studio Version 17
VisualStudioVersion = 17.10.35004.147
MinimumVisualStudioVersion = 10.0.40219.1
Project("{FAE04EC0-301F-11D3-BF4B-00C04F79EFBC}") = "NuGetPackages", "NuGetPackages.csproj", "{D2AFA947-D2AD-41EF-9F83-93AF97FE5285}"
EndProject
Global
	GlobalSection(SolutionConfigurationPlatforms) = preSolution
		Debug|Any CPU = Debug|Any CPU
		Release|Any CPU = Release|Any CPU
	EndGlobalSection
	GlobalSection(ProjectConfigurationPlatforms) = postSolution
		{D2AFA947-D2AD-41EF-9F83-93AF97FE5285}.Debug|Any CPU.ActiveCfg = Debug|Any CPU
		{D2AFA947-D2AD-41EF-9F83-93AF97FE5285}.Debug|Any CPU.Build.0 = Debug|Any CPU
		{D2AFA947-D2AD-41EF-9F83-93AF97FE5285}.Release|Any CPU.ActiveCfg = Release|Any CPU
		{D2AFA947-D2AD-41EF-9F83-93AF97FE5285}.Release|Any CPU.Build.0 = Release|Any CPU
	EndGlobalSection
	GlobalSection(SolutionProperties) = preSolution
		HideSolutionNode = FALSE
	EndGlobalSection
	GlobalSection(ExtensibilityGlobals) = postSolution
		SolutionGuid = {3063768F-AEE0-49E5-AB4B-29742E5B8110}
	EndGlobalSection
EndGlobal
