
Microsoft Visual Studio Solution File, Format Version 12.00
# Visual Studio Version 17
VisualStudioVersion = 17.10.35004.147
MinimumVisualStudioVersion = 10.0.40219.1
Project("{FAE04EC0-301F-11D3-BF4B-00C04F79EFBC}") = "ImportDemo", "ImportDemo.csproj", "{BB6C5F75-22A6-45EB-883F-49A106A69995}"
EndProject
Global
	GlobalSection(SolutionConfigurationPlatforms) = preSolution
		Debug|Any CPU = Debug|Any CPU
		Release|Any CPU = Release|Any CPU
	EndGlobalSection
	GlobalSection(ProjectConfigurationPlatforms) = postSolution
		{BB6C5F75-22A6-45EB-883F-49A106A69995}.Debug|Any CPU.ActiveCfg = Debug|Any CPU
		{BB6C5F75-22A6-45EB-883F-49A106A69995}.Debug|Any CPU.Build.0 = Debug|Any CPU
		{BB6C5F75-22A6-45EB-883F-49A106A69995}.Release|Any CPU.ActiveCfg = Release|Any CPU
		{BB6C5F75-22A6-45EB-883F-49A106A69995}.Release|Any CPU.Build.0 = Release|Any CPU
	EndGlobalSection
	GlobalSection(SolutionProperties) = preSolution
		HideSolutionNode = FALSE
	EndGlobalSection
	GlobalSection(ExtensibilityGlobals) = postSolution
		SolutionGuid = {FE412C84-3C74-4E4B-9DE0-242BF5FC9C25}
	EndGlobalSection
EndGlobal
